
Microsoft Visual Studio Solution File, Format Version 12.00
# Visual Studio Version 17
VisualStudioVersion = 17.0.31903.59
MinimumVisualStudioVersion = 10.0.40219.1
Project("{FAE04EC0-301F-11D3-BF4B-00C04F79EFBC}") = "MikroTikVoucherPrinter.Domain", "MikroTikVoucherPrinter.Domain\MikroTikVoucherPrinter.Domain.csproj", "{DDAD881B-635E-4604-B016-F98B2407BD25}"
EndProject
Project("{FAE04EC0-301F-11D3-BF4B-00C04F79EFBC}") = "MikroTikVoucherPrinter.Application", "MikroTikVoucherPrinter.Application\MikroTikVoucherPrinter.Application.csproj", "{72354DC8-B2DF-4A5C-940F-2AA4A8AE2277}"
EndProject
Project("{FAE04EC0-301F-11D3-BF4B-00C04F79EFBC}") = "MikroTikVoucherPrinter.Infrastructure", "MikroTikVoucherPrinter.Infrastructure\MikroTikVoucherPrinter.Infrastructure.csproj", "{F226AE7E-F50B-4C19-A547-BBF71C65C73F}"
EndProject
Project("{FAE04EC0-301F-11D3-BF4B-00C04F79EFBC}") = "Lux.Platform.Abstractions", "Lux.Platform.Abstractions\Lux.Platform.Abstractions.csproj", "{02571572-7B25-4EAD-9F88-A60BCBDB6E97}"
EndProject
Project("{FAE04EC0-301F-11D3-BF4B-00C04F79EFBC}") = "Lux.OpenWrt", "Lux.OpenWrt\Lux.OpenWrt.csproj", "{44CB334C-1C5D-4280-B147-CDE91DCF0B54}"
EndProject
Project("{FAE04EC0-301F-11D3-BF4B-00C04F79EFBC}") = "Lux.OpenWrt.Tests", "Lux.OpenWrt.Tests\Lux.OpenWrt.Tests.csproj", "{DE98BDE3-379F-4CFA-B15E-8A5E20288416}"
EndProject
Project("{FAE04EC0-301F-11D3-BF4B-00C04F79EFBC}") = "Lux.MikroTik", "Lux.MikroTik\Lux.MikroTik.csproj", "{43F91FAE-A3BE-49B2-BFD9-37C5332E9A26}"
EndProject
Project("{FAE04EC0-301F-11D3-BF4B-00C04F79EFBC}") = "Lux.MikroTik.Tests", "Lux.MikroTik.Tests\Lux.MikroTik.Tests.csproj", "{4DFF7A49-56CF-4DF0-B293-BE0B3A2A1749}"
EndProject
Project("{FAE04EC0-301F-11D3-BF4B-00C04F79EFBC}") = "MikroTikVoucherPrinter.Application.Tests", "MikroTikVoucherPrinter.Application.Tests\MikroTikVoucherPrinter.Application.Tests.csproj", "{1CDC010E-4801-4437-8542-B27B7AC58040}"
EndProject
Project("{FAE04EC0-301F-11D3-BF4B-00C04F79EFBC}") = "Lux.Management.Console", "Lux.Management.Console\Lux.Management.Console.csproj", "{D0E48A6F-C8B3-4997-8616-5EE0FD7EA1AF}"
EndProject
Project("{FAE04EC0-301F-11D3-BF4B-00C04F79EFBC}") = "Lux.Management.Console.Tests", "Lux.Management.Console.Tests\Lux.Management.Console.Tests.csproj", "{0A3EF245-3B44-4359-A52D-C553DBD5694E}"
EndProject
Project("{2150E333-8FDC-42A3-9474-1A3956D46DE8}") = "Legacy", "Legacy", "{871BE218-8F83-E3CD-0B70-B1CC1745EA7C}"
EndProject
Project("{FAE04EC0-301F-11D3-BF4B-00C04F79EFBC}") = "MikroTikVoucherPrinter.UI", "MikroTikVoucherPrinter.UI\MikroTikVoucherPrinter.UI.csproj", "{AE2FC2C2-E2FC-4C5A-B036-E8CD1A0531F3}"
EndProject
Global
	GlobalSection(SolutionConfigurationPlatforms) = preSolution
		Debug|Any CPU = Debug|Any CPU
		Debug|x64 = Debug|x64
		Debug|x86 = Debug|x86
		Release|Any CPU = Release|Any CPU
		Release|x64 = Release|x64
		Release|x86 = Release|x86
	EndGlobalSection
	GlobalSection(ProjectConfigurationPlatforms) = postSolution
		{DDAD881B-635E-4604-B016-F98B2407BD25}.Debug|Any CPU.ActiveCfg = Debug|Any CPU
		{DDAD881B-635E-4604-B016-F98B2407BD25}.Debug|Any CPU.Build.0 = Debug|Any CPU
		{DDAD881B-635E-4604-B016-F98B2407BD25}.Debug|x64.ActiveCfg = Debug|Any CPU
		{DDAD881B-635E-4604-B016-F98B2407BD25}.Debug|x64.Build.0 = Debug|Any CPU
		{DDAD881B-635E-4604-B016-F98B2407BD25}.Debug|x86.ActiveCfg = Debug|Any CPU
		{DDAD881B-635E-4604-B016-F98B2407BD25}.Debug|x86.Build.0 = Debug|Any CPU
		{DDAD881B-635E-4604-B016-F98B2407BD25}.Release|Any CPU.ActiveCfg = Release|Any CPU
		{DDAD881B-635E-4604-B016-F98B2407BD25}.Release|Any CPU.Build.0 = Release|Any CPU
		{DDAD881B-635E-4604-B016-F98B2407BD25}.Release|x64.ActiveCfg = Release|Any CPU
		{DDAD881B-635E-4604-B016-F98B2407BD25}.Release|x64.Build.0 = Release|Any CPU
		{DDAD881B-635E-4604-B016-F98B2407BD25}.Release|x86.ActiveCfg = Release|Any CPU
		{DDAD881B-635E-4604-B016-F98B2407BD25}.Release|x86.Build.0 = Release|Any CPU
		{72354DC8-B2DF-4A5C-940F-2AA4A8AE2277}.Debug|Any CPU.ActiveCfg = Debug|Any CPU
		{72354DC8-B2DF-4A5C-940F-2AA4A8AE2277}.Debug|Any CPU.Build.0 = Debug|Any CPU
		{72354DC8-B2DF-4A5C-940F-2AA4A8AE2277}.Debug|x64.ActiveCfg = Debug|Any CPU
		{72354DC8-B2DF-4A5C-940F-2AA4A8AE2277}.Debug|x64.Build.0 = Debug|Any CPU
		{72354DC8-B2DF-4A5C-940F-2AA4A8AE2277}.Debug|x86.ActiveCfg = Debug|Any CPU
		{72354DC8-B2DF-4A5C-940F-2AA4A8AE2277}.Debug|x86.Build.0 = Debug|Any CPU
		{72354DC8-B2DF-4A5C-940F-2AA4A8AE2277}.Release|Any CPU.ActiveCfg = Release|Any CPU
		{72354DC8-B2DF-4A5C-940F-2AA4A8AE2277}.Release|Any CPU.Build.0 = Release|Any CPU
		{72354DC8-B2DF-4A5C-940F-2AA4A8AE2277}.Release|x64.ActiveCfg = Release|Any CPU
		{72354DC8-B2DF-4A5C-940F-2AA4A8AE2277}.Release|x64.Build.0 = Release|Any CPU
		{72354DC8-B2DF-4A5C-940F-2AA4A8AE2277}.Release|x86.ActiveCfg = Release|Any CPU
		{72354DC8-B2DF-4A5C-940F-2AA4A8AE2277}.Release|x86.Build.0 = Release|Any CPU
		{F226AE7E-F50B-4C19-A547-BBF71C65C73F}.Debug|Any CPU.ActiveCfg = Debug|Any CPU
		{F226AE7E-F50B-4C19-A547-BBF71C65C73F}.Debug|Any CPU.Build.0 = Debug|Any CPU
		{F226AE7E-F50B-4C19-A547-BBF71C65C73F}.Debug|x64.ActiveCfg = Debug|Any CPU
		{F226AE7E-F50B-4C19-A547-BBF71C65C73F}.Debug|x64.Build.0 = Debug|Any CPU
		{F226AE7E-F50B-4C19-A547-BBF71C65C73F}.Debug|x86.ActiveCfg = Debug|Any CPU
		{F226AE7E-F50B-4C19-A547-BBF71C65C73F}.Debug|x86.Build.0 = Debug|Any CPU
		{F226AE7E-F50B-4C19-A547-BBF71C65C73F}.Release|Any CPU.ActiveCfg = Release|Any CPU
		{F226AE7E-F50B-4C19-A547-BBF71C65C73F}.Release|Any CPU.Build.0 = Release|Any CPU
		{F226AE7E-F50B-4C19-A547-BBF71C65C73F}.Release|x64.ActiveCfg = Release|Any CPU
		{F226AE7E-F50B-4C19-A547-BBF71C65C73F}.Release|x64.Build.0 = Release|Any CPU
		{F226AE7E-F50B-4C19-A547-BBF71C65C73F}.Release|x86.ActiveCfg = Release|Any CPU
		{F226AE7E-F50B-4C19-A547-BBF71C65C73F}.Release|x86.Build.0 = Release|Any CPU
		{02571572-7B25-4EAD-9F88-A60BCBDB6E97}.Debug|Any CPU.ActiveCfg = Debug|Any CPU
		{02571572-7B25-4EAD-9F88-A60BCBDB6E97}.Debug|Any CPU.Build.0 = Debug|Any CPU
		{02571572-7B25-4EAD-9F88-A60BCBDB6E97}.Debug|x64.ActiveCfg = Debug|Any CPU
		{02571572-7B25-4EAD-9F88-A60BCBDB6E97}.Debug|x64.Build.0 = Debug|Any CPU
		{02571572-7B25-4EAD-9F88-A60BCBDB6E97}.Debug|x86.ActiveCfg = Debug|Any CPU
		{02571572-7B25-4EAD-9F88-A60BCBDB6E97}.Debug|x86.Build.0 = Debug|Any CPU
		{02571572-7B25-4EAD-9F88-A60BCBDB6E97}.Release|Any CPU.ActiveCfg = Release|Any CPU
		{02571572-7B25-4EAD-9F88-A60BCBDB6E97}.Release|Any CPU.Build.0 = Release|Any CPU
		{02571572-7B25-4EAD-9F88-A60BCBDB6E97}.Release|x64.ActiveCfg = Release|Any CPU
		{02571572-7B25-4EAD-9F88-A60BCBDB6E97}.Release|x64.Build.0 = Release|Any CPU
		{02571572-7B25-4EAD-9F88-A60BCBDB6E97}.Release|x86.ActiveCfg = Release|Any CPU
		{02571572-7B25-4EAD-9F88-A60BCBDB6E97}.Release|x86.Build.0 = Release|Any CPU
		{44CB334C-1C5D-4280-B147-CDE91DCF0B54}.Debug|Any CPU.ActiveCfg = Debug|Any CPU
		{44CB334C-1C5D-4280-B147-CDE91DCF0B54}.Debug|Any CPU.Build.0 = Debug|Any CPU
		{44CB334C-1C5D-4280-B147-CDE91DCF0B54}.Debug|x64.ActiveCfg = Debug|Any CPU
		{44CB334C-1C5D-4280-B147-CDE91DCF0B54}.Debug|x64.Build.0 = Debug|Any CPU
		{44CB334C-1C5D-4280-B147-CDE91DCF0B54}.Debug|x86.ActiveCfg = Debug|Any CPU
		{44CB334C-1C5D-4280-B147-CDE91DCF0B54}.Debug|x86.Build.0 = Debug|Any CPU
		{44CB334C-1C5D-4280-B147-CDE91DCF0B54}.Release|Any CPU.ActiveCfg = Release|Any CPU
		{44CB334C-1C5D-4280-B147-CDE91DCF0B54}.Release|Any CPU.Build.0 = Release|Any CPU
		{44CB334C-1C5D-4280-B147-CDE91DCF0B54}.Release|x64.ActiveCfg = Release|Any CPU
		{44CB334C-1C5D-4280-B147-CDE91DCF0B54}.Release|x64.Build.0 = Release|Any CPU
		{44CB334C-1C5D-4280-B147-CDE91DCF0B54}.Release|x86.ActiveCfg = Release|Any CPU
		{44CB334C-1C5D-4280-B147-CDE91DCF0B54}.Release|x86.Build.0 = Release|Any CPU
		{DE98BDE3-379F-4CFA-B15E-8A5E20288416}.Debug|Any CPU.ActiveCfg = Debug|Any CPU
		{DE98BDE3-379F-4CFA-B15E-8A5E20288416}.Debug|Any CPU.Build.0 = Debug|Any CPU
		{DE98BDE3-379F-4CFA-B15E-8A5E20288416}.Debug|x64.ActiveCfg = Debug|Any CPU
		{DE98BDE3-379F-4CFA-B15E-8A5E20288416}.Debug|x64.Build.0 = Debug|Any CPU
		{DE98BDE3-379F-4CFA-B15E-8A5E20288416}.Debug|x86.ActiveCfg = Debug|Any CPU
		{DE98BDE3-379F-4CFA-B15E-8A5E20288416}.Debug|x86.Build.0 = Debug|Any CPU
		{DE98BDE3-379F-4CFA-B15E-8A5E20288416}.Release|Any CPU.ActiveCfg = Release|Any CPU
		{DE98BDE3-379F-4CFA-B15E-8A5E20288416}.Release|Any CPU.Build.0 = Release|Any CPU
		{DE98BDE3-379F-4CFA-B15E-8A5E20288416}.Release|x64.ActiveCfg = Release|Any CPU
		{DE98BDE3-379F-4CFA-B15E-8A5E20288416}.Release|x64.Build.0 = Release|Any CPU
		{DE98BDE3-379F-4CFA-B15E-8A5E20288416}.Release|x86.ActiveCfg = Release|Any CPU
		{DE98BDE3-379F-4CFA-B15E-8A5E20288416}.Release|x86.Build.0 = Release|Any CPU
		{43F91FAE-A3BE-49B2-BFD9-37C5332E9A26}.Debug|Any CPU.ActiveCfg = Debug|Any CPU
		{43F91FAE-A3BE-49B2-BFD9-37C5332E9A26}.Debug|Any CPU.Build.0 = Debug|Any CPU
		{43F91FAE-A3BE-49B2-BFD9-37C5332E9A26}.Debug|x64.ActiveCfg = Debug|Any CPU
		{43F91FAE-A3BE-49B2-BFD9-37C5332E9A26}.Debug|x64.Build.0 = Debug|Any CPU
		{43F91FAE-A3BE-49B2-BFD9-37C5332E9A26}.Debug|x86.ActiveCfg = Debug|Any CPU
		{43F91FAE-A3BE-49B2-BFD9-37C5332E9A26}.Debug|x86.Build.0 = Debug|Any CPU
		{43F91FAE-A3BE-49B2-BFD9-37C5332E9A26}.Release|Any CPU.ActiveCfg = Release|Any CPU
		{43F91FAE-A3BE-49B2-BFD9-37C5332E9A26}.Release|Any CPU.Build.0 = Release|Any CPU
		{43F91FAE-A3BE-49B2-BFD9-37C5332E9A26}.Release|x64.ActiveCfg = Release|Any CPU
		{43F91FAE-A3BE-49B2-BFD9-37C5332E9A26}.Release|x64.Build.0 = Release|Any CPU
		{43F91FAE-A3BE-49B2-BFD9-37C5332E9A26}.Release|x86.ActiveCfg = Release|Any CPU
		{43F91FAE-A3BE-49B2-BFD9-37C5332E9A26}.Release|x86.Build.0 = Release|Any CPU
		{4DFF7A49-56CF-4DF0-B293-BE0B3A2A1749}.Debug|Any CPU.ActiveCfg = Debug|Any CPU
		{4DFF7A49-56CF-4DF0-B293-BE0B3A2A1749}.Debug|Any CPU.Build.0 = Debug|Any CPU
		{4DFF7A49-56CF-4DF0-B293-BE0B3A2A1749}.Debug|x64.ActiveCfg = Debug|Any CPU
		{4DFF7A49-56CF-4DF0-B293-BE0B3A2A1749}.Debug|x64.Build.0 = Debug|Any CPU
		{4DFF7A49-56CF-4DF0-B293-BE0B3A2A1749}.Debug|x86.ActiveCfg = Debug|Any CPU
		{4DFF7A49-56CF-4DF0-B293-BE0B3A2A1749}.Debug|x86.Build.0 = Debug|Any CPU
		{4DFF7A49-56CF-4DF0-B293-BE0B3A2A1749}.Release|Any CPU.ActiveCfg = Release|Any CPU
		{4DFF7A49-56CF-4DF0-B293-BE0B3A2A1749}.Release|Any CPU.Build.0 = Release|Any CPU
		{4DFF7A49-56CF-4DF0-B293-BE0B3A2A1749}.Release|x64.ActiveCfg = Release|Any CPU
		{4DFF7A49-56CF-4DF0-B293-BE0B3A2A1749}.Release|x64.Build.0 = Release|Any CPU
		{4DFF7A49-56CF-4DF0-B293-BE0B3A2A1749}.Release|x86.ActiveCfg = Release|Any CPU
		{4DFF7A49-56CF-4DF0-B293-BE0B3A2A1749}.Release|x86.Build.0 = Release|Any CPU
		{1CDC010E-4801-4437-8542-B27B7AC58040}.Debug|Any CPU.ActiveCfg = Debug|Any CPU
		{1CDC010E-4801-4437-8542-B27B7AC58040}.Debug|Any CPU.Build.0 = Debug|Any CPU
		{1CDC010E-4801-4437-8542-B27B7AC58040}.Debug|x64.ActiveCfg = Debug|Any CPU
		{1CDC010E-4801-4437-8542-B27B7AC58040}.Debug|x64.Build.0 = Debug|Any CPU
		{1CDC010E-4801-4437-8542-B27B7AC58040}.Debug|x86.ActiveCfg = Debug|Any CPU
		{1CDC010E-4801-4437-8542-B27B7AC58040}.Debug|x86.Build.0 = Debug|Any CPU
		{1CDC010E-4801-4437-8542-B27B7AC58040}.Release|Any CPU.ActiveCfg = Release|Any CPU
		{1CDC010E-4801-4437-8542-B27B7AC58040}.Release|Any CPU.Build.0 = Release|Any CPU
		{1CDC010E-4801-4437-8542-B27B7AC58040}.Release|x64.ActiveCfg = Release|Any CPU
		{1CDC010E-4801-4437-8542-B27B7AC58040}.Release|x64.Build.0 = Release|Any CPU
		{1CDC010E-4801-4437-8542-B27B7AC58040}.Release|x86.ActiveCfg = Release|Any CPU
		{1CDC010E-4801-4437-8542-B27B7AC58040}.Release|x86.Build.0 = Release|Any CPU
		{D0E48A6F-C8B3-4997-8616-5EE0FD7EA1AF}.Debug|Any CPU.ActiveCfg = Debug|Any CPU
		{D0E48A6F-C8B3-4997-8616-5EE0FD7EA1AF}.Debug|Any CPU.Build.0 = Debug|Any CPU
		{D0E48A6F-C8B3-4997-8616-5EE0FD7EA1AF}.Debug|x64.ActiveCfg = Debug|Any CPU
		{D0E48A6F-C8B3-4997-8616-5EE0FD7EA1AF}.Debug|x64.Build.0 = Debug|Any CPU
		{D0E48A6F-C8B3-4997-8616-5EE0FD7EA1AF}.Debug|x86.ActiveCfg = Debug|Any CPU
		{D0E48A6F-C8B3-4997-8616-5EE0FD7EA1AF}.Debug|x86.Build.0 = Debug|Any CPU
		{D0E48A6F-C8B3-4997-8616-5EE0FD7EA1AF}.Release|Any CPU.ActiveCfg = Release|Any CPU
		{D0E48A6F-C8B3-4997-8616-5EE0FD7EA1AF}.Release|Any CPU.Build.0 = Release|Any CPU
		{D0E48A6F-C8B3-4997-8616-5EE0FD7EA1AF}.Release|x64.ActiveCfg = Release|Any CPU
		{D0E48A6F-C8B3-4997-8616-5EE0FD7EA1AF}.Release|x64.Build.0 = Release|Any CPU
		{D0E48A6F-C8B3-4997-8616-5EE0FD7EA1AF}.Release|x86.ActiveCfg = Release|Any CPU
		{D0E48A6F-C8B3-4997-8616-5EE0FD7EA1AF}.Release|x86.Build.0 = Release|Any CPU
		{0A3EF245-3B44-4359-A52D-C553DBD5694E}.Debug|Any CPU.ActiveCfg = Debug|Any CPU
		{0A3EF245-3B44-4359-A52D-C553DBD5694E}.Debug|Any CPU.Build.0 = Debug|Any CPU
		{0A3EF245-3B44-4359-A52D-C553DBD5694E}.Debug|x64.ActiveCfg = Debug|Any CPU
		{0A3EF245-3B44-4359-A52D-C553DBD5694E}.Debug|x64.Build.0 = Debug|Any CPU
		{0A3EF245-3B44-4359-A52D-C553DBD5694E}.Debug|x86.ActiveCfg = Debug|Any CPU
		{0A3EF245-3B44-4359-A52D-C553DBD5694E}.Debug|x86.Build.0 = Debug|Any CPU
		{0A3EF245-3B44-4359-A52D-C553DBD5694E}.Release|Any CPU.ActiveCfg = Release|Any CPU
		{0A3EF245-3B44-4359-A52D-C553DBD5694E}.Release|Any CPU.Build.0 = Release|Any CPU
		{0A3EF245-3B44-4359-A52D-C553DBD5694E}.Release|x64.ActiveCfg = Release|Any CPU
		{0A3EF245-3B44-4359-A52D-C553DBD5694E}.Release|x64.Build.0 = Release|Any CPU
		{0A3EF245-3B44-4359-A52D-C553DBD5694E}.Release|x86.ActiveCfg = Release|Any CPU
		{0A3EF245-3B44-4359-A52D-C553DBD5694E}.Release|x86.Build.0 = Release|Any CPU
		{AE2FC2C2-E2FC-4C5A-B036-E8CD1A0531F3}.Debug|Any CPU.ActiveCfg = Debug|Any CPU
		{AE2FC2C2-E2FC-4C5A-B036-E8CD1A0531F3}.Debug|Any CPU.Build.0 = Debug|Any CPU
		{AE2FC2C2-E2FC-4C5A-B036-E8CD1A0531F3}.Debug|x64.ActiveCfg = Debug|Any CPU
		{AE2FC2C2-E2FC-4C5A-B036-E8CD1A0531F3}.Debug|x64.Build.0 = Debug|Any CPU
		{AE2FC2C2-E2FC-4C5A-B036-E8CD1A0531F3}.Debug|x86.ActiveCfg = Debug|Any CPU
		{AE2FC2C2-E2FC-4C5A-B036-E8CD1A0531F3}.Debug|x86.Build.0 = Debug|Any CPU
		{AE2FC2C2-E2FC-4C5A-B036-E8CD1A0531F3}.Release|Any CPU.ActiveCfg = Release|Any CPU
		{AE2FC2C2-E2FC-4C5A-B036-E8CD1A0531F3}.Release|Any CPU.Build.0 = Release|Any CPU
		{AE2FC2C2-E2FC-4C5A-B036-E8CD1A0531F3}.Release|x64.ActiveCfg = Release|Any CPU
		{AE2FC2C2-E2FC-4C5A-B036-E8CD1A0531F3}.Release|x64.Build.0 = Release|Any CPU
		{AE2FC2C2-E2FC-4C5A-B036-E8CD1A0531F3}.Release|x86.ActiveCfg = Release|Any CPU
		{AE2FC2C2-E2FC-4C5A-B036-E8CD1A0531F3}.Release|x86.Build.0 = Release|Any CPU
	EndGlobalSection
	GlobalSection(SolutionProperties) = preSolution
		HideSolutionNode = FALSE
	EndGlobalSection
	GlobalSection(NestedProjects) = preSolution
		{AE2FC2C2-E2FC-4C5A-B036-E8CD1A0531F3} = {871BE218-8F83-E3CD-0B70-B1CC1745EA7C}
	EndGlobalSection
EndGlobal
